
Microsoft Visual Studio Solution File, Format Version 12.00
# Visual Studio Version 16
VisualStudioVersion = 16.0.31019.35
MinimumVisualStudioVersion = 10.0.40219.1
Project("{FAE04EC0-301F-11D3-BF4B-00C04F79EFBC}") = "GuessNumber", "GuessNumber\GuessNumber.csproj", "{D3C15E4A-9882-426C-BCE9-C92C853AEC26}"
EndProject
Global
	GlobalSection(SolutionConfigurationPlatforms) = preSolution
		Debug|Any CPU = Debug|Any CPU
		Release|Any CPU = Release|Any CPU
	EndGlobalSection
	GlobalSection(ProjectConfigurationPlatforms) = postSolution
		{D3C15E4A-9882-426C-BCE9-C92C853AEC26}.Debug|Any CPU.ActiveCfg = Debug|Any CPU
		{D3C15E4A-9882-426C-BCE9-C92C853AEC26}.Debug|Any CPU.Build.0 = Debug|Any CPU
		{D3C15E4A-9882-426C-BCE9-C92C853AEC26}.Release|Any CPU.ActiveCfg = Release|Any CPU
		{D3C15E4A-9882-426C-BCE9-C92C853AEC26}.Release|Any CPU.Build.0 = Release|Any CPU
	EndGlobalSection
	GlobalSection(SolutionProperties) = preSolution
		HideSolutionNode = FALSE
	EndGlobalSection
	GlobalSection(ExtensibilityGlobals) = postSolution
		SolutionGuid = {4C12DF49-CA60-4283-86DE-EB8DE007A4C0}
	EndGlobalSection
EndGlobal
